// !$*UTF8*$!
{
	archiveVersion = 1;
	classes = {
	};
	objectVersion = 50;
	objects = {

/* Begin PBXBuildFile section */
		28A4FCD7213BA81D009E979E /* AppDelegate.swift in Sources */ = {isa = PBXBuildFile; fileRef = 28A4FCD6213BA81D009E979E /* AppDelegate.swift */; };
		28A4FCD9213BA81D009E979E /* ViewController.swift in Sources */ = {isa = PBXBuildFile; fileRef = 28A4FCD8213BA81D009E979E /* ViewController.swift */; };
		28A4FCDC213BA81D009E979E /* Main.storyboard in Resources */ = {isa = PBXBuildFile; fileRef = 28A4FCDA213BA81D009E979E /* Main.storyboard */; };
		28A4FCDE213BA824009E979E /* Assets.xcassets in Resources */ = {isa = PBXBuildFile; fileRef = 28A4FCDD213BA824009E979E /* Assets.xcassets */; };
		28A4FCE1213BA824009E979E /* LaunchScreen.storyboard in Resources */ = {isa = PBXBuildFile; fileRef = 28A4FCDF213BA824009E979E /* LaunchScreen.storyboard */; };
		28A4FCEC213BA824009E979E /* MultiPartTests.swift in Sources */ = {isa = PBXBuildFile; fileRef = 28A4FCEB213BA824009E979E /* MultiPartTests.swift */; };
		28A4FCF7213BA824009E979E /* MultiPartUITests.swift in Sources */ = {isa = PBXBuildFile; fileRef = 28A4FCF6213BA824009E979E /* MultiPartUITests.swift */; };
/* End PBXBuildFile section */

/* Begin PBXContainerItemProxy section */
		28A4FCE8213BA824009E979E /* PBXContainerItemProxy */ = {
			isa = PBXContainerItemProxy;
			containerPortal = 28A4FCCB213BA81D009E979E /* Project object */;
			proxyType = 1;
			remoteGlobalIDString = 28A4FCD2213BA81D009E979E;
			remoteInfo = MultiPart;
		};
		28A4FCF3213BA824009E979E /* PBXContainerItemProxy */ = {
			isa = PBXContainerItemProxy;
			containerPortal = 28A4FCCB213BA81D009E979E /* Project object */;
			proxyType = 1;
			remoteGlobalIDString = 28A4FCD2213BA81D009E979E;
			remoteInfo = MultiPart;
		};
/* End PBXContainerItemProxy section */

/* Begin PBXFileReference section */
		28A4FCD3213BA81D009E979E /* MultiPart.app */ = {isa = PBXFileReference; explicitFileType = wrapper.application; includeInIndex = 0; path = MultiPart.app; sourceTree = BUILT_PRODUCTS_DIR; };
		28A4FCD6213BA81D009E979E /* AppDelegate.swift */ = {isa = PBXFileReference; lastKnownFileType = sourcecode.swift; path = AppDelegate.swift; sourceTree = "<group>"; };
		28A4FCD8213BA81D009E979E /* ViewController.swift */ = {isa = PBXFileReference; lastKnownFileType = sourcecode.swift; path = ViewController.swift; sourceTree = "<group>"; };
		28A4FCDB213BA81D009E979E /* Base */ = {isa = PBXFileReference; lastKnownFileType = file.storyboard; name = Base; path = Base.lproj/Main.storyboard; sourceTree = "<group>"; };
		28A4FCDD213BA824009E979E /* Assets.xcassets */ = {isa = PBXFileReference; lastKnownFileType = folder.assetcatalog; path = Assets.xcassets; sourceTree = "<group>"; };
		28A4FCE0213BA824009E979E /* Base */ = {isa = PBXFileReference; lastKnownFileType = file.storyboard; name = Base; path = Base.lproj/LaunchScreen.storyboard; sourceTree = "<group>"; };
		28A4FCE2213BA824009E979E /* Info.plist */ = {isa = PBXFileReference; lastKnownFileType = text.plist.xml; path = Info.plist; sourceTree = "<group>"; };
		28A4FCE7213BA824009E979E /* MultiPartTests.xctest */ = {isa = PBXFileReference; explicitFileType = wrapper.cfbundle; includeInIndex = 0; path = MultiPartTests.xctest; sourceTree = BUILT_PRODUCTS_DIR; };
		28A4FCEB213BA824009E979E /* MultiPartTests.swift */ = {isa = PBXFileReference; lastKnownFileType = sourcecode.swift; path = MultiPartTests.swift; sourceTree = "<group>"; };
		28A4FCED213BA824009E979E /* Info.plist */ = {isa = PBXFileReference; lastKnownFileType = text.plist.xml; path = Info.plist; sourceTree = "<group>"; };
		28A4FCF2213BA824009E979E /* MultiPartUITests.xctest */ = {isa = PBXFileReference; explicitFileType = wrapper.cfbundle; includeInIndex = 0; path = MultiPartUITests.xctest; sourceTree = BUILT_PRODUCTS_DIR; };
		28A4FCF6213BA824009E979E /* MultiPartUITests.swift */ = {isa = PBXFileReference; lastKnownFileType = sourcecode.swift; path = MultiPartUITests.swift; sourceTree = "<group>"; };
		28A4FCF8213BA824009E979E /* Info.plist */ = {isa = PBXFileReference; lastKnownFileType = text.plist.xml; path = Info.plist; sourceTree = "<group>"; };
/* End PBXFileReference section */

/* Begin PBXFrameworksBuildPhase section */
		28A4FCD0213BA81D009E979E /* Frameworks */ = {
			isa = PBXFrameworksBuildPhase;
			buildActionMask = 2147483647;
			files = (
			);
			runOnlyForDeploymentPostprocessing = 0;
		};
		28A4FCE4213BA824009E979E /* Frameworks */ = {
			isa = PBXFrameworksBuildPhase;
			buildActionMask = 2147483647;
			files = (
			);
			runOnlyForDeploymentPostprocessing = 0;
		};
		28A4FCEF213BA824009E979E /* Frameworks */ = {
			isa = PBXFrameworksBuildPhase;
			buildActionMask = 2147483647;
			files = (
			);
			runOnlyForDeploymentPostprocessing = 0;
		};
/* End PBXFrameworksBuildPhase section */

/* Begin PBXGroup section */
		28A4FCCA213BA81D009E979E = {
			isa = PBXGroup;
			children = (
				28A4FCD5213BA81D009E979E /* MultiPart */,
				28A4FCEA213BA824009E979E /* MultiPartTests */,
				28A4FCF5213BA824009E979E /* MultiPartUITests */,
				28A4FCD4213BA81D009E979E /* Products */,
			);
			sourceTree = "<group>";
		};
		28A4FCD4213BA81D009E979E /* Products */ = {
			isa = PBXGroup;
			children = (
				28A4FCD3213BA81D009E979E /* MultiPart.app */,
				28A4FCE7213BA824009E979E /* MultiPartTests.xctest */,
				28A4FCF2213BA824009E979E /* MultiPartUITests.xctest */,
			);
			name = Products;
			sourceTree = "<group>";
		};
		28A4FCD5213BA81D009E979E /* MultiPart */ = {
			isa = PBXGroup;
			children = (
				28A4FCD6213BA81D009E979E /* AppDelegate.swift */,
				28A4FCD8213BA81D009E979E /* ViewController.swift */,
				28A4FCDA213BA81D009E979E /* Main.storyboard */,
				28A4FCDD213BA824009E979E /* Assets.xcassets */,
				28A4FCDF213BA824009E979E /* LaunchScreen.storyboard */,
				28A4FCE2213BA824009E979E /* Info.plist */,
			);
			path = MultiPart;
			sourceTree = "<group>";
		};
		28A4FCEA213BA824009E979E /* MultiPartTests */ = {
			isa = PBXGroup;
			children = (
				28A4FCEB213BA824009E979E /* MultiPartTests.swift */,
				28A4FCED213BA824009E979E /* Info.plist */,
			);
			path = MultiPartTests;
			sourceTree = "<group>";
		};
		28A4FCF5213BA824009E979E /* MultiPartUITests */ = {
			isa = PBXGroup;
			children = (
				28A4FCF6213BA824009E979E /* MultiPartUITests.swift */,
				28A4FCF8213BA824009E979E /* Info.plist */,
			);
			path = MultiPartUITests;
			sourceTree = "<group>";
		};
/* End PBXGroup section */

/* Begin PBXNativeTarget section */
		28A4FCD2213BA81D009E979E /* MultiPart */ = {
			isa = PBXNativeTarget;
			buildConfigurationList = 28A4FCFB213BA824009E979E /* Build configuration list for PBXNativeTarget "MultiPart" */;
			buildPhases = (
				28A4FCCF213BA81D009E979E /* Sources */,
				28A4FCD0213BA81D009E979E /* Frameworks */,
				28A4FCD1213BA81D009E979E /* Resources */,
			);
			buildRules = (
			);
			dependencies = (
			);
			name = MultiPart;
			productName = MultiPart;
			productReference = 28A4FCD3213BA81D009E979E /* MultiPart.app */;
			productType = "com.apple.product-type.application";
		};
		28A4FCE6213BA824009E979E /* MultiPartTests */ = {
			isa = PBXNativeTarget;
			buildConfigurationList = 28A4FCFE213BA824009E979E /* Build configuration list for PBXNativeTarget "MultiPartTests" */;
			buildPhases = (
				28A4FCE3213BA824009E979E /* Sources */,
				28A4FCE4213BA824009E979E /* Frameworks */,
				28A4FCE5213BA824009E979E /* Resources */,
			);
			buildRules = (
			);
			dependencies = (
				28A4FCE9213BA824009E979E /* PBXTargetDependency */,
			);
			name = MultiPartTests;
			productName = MultiPartTests;
			productReference = 28A4FCE7213BA824009E979E /* MultiPartTests.xctest */;
			productType = "com.apple.product-type.bundle.unit-test";
		};
		28A4FCF1213BA824009E979E /* MultiPartUITests */ = {
			isa = PBXNativeTarget;
			buildConfigurationList = 28A4FD01213BA824009E979E /* Build configuration list for PBXNativeTarget "MultiPartUITests" */;
			buildPhases = (
				28A4FCEE213BA824009E979E /* Sources */,
				28A4FCEF213BA824009E979E /* Frameworks */,
				28A4FCF0213BA824009E979E /* Resources */,
			);
			buildRules = (
			);
			dependencies = (
				28A4FCF4213BA824009E979E /* PBXTargetDependency */,
			);
			name = MultiPartUITests;
			productName = MultiPartUITests;
			productReference = 28A4FCF2213BA824009E979E /* MultiPartUITests.xctest */;
			productType = "com.apple.product-type.bundle.ui-testing";
		};
/* End PBXNativeTarget section */

/* Begin PBXProject section */
		28A4FCCB213BA81D009E979E /* Project object */ = {
			isa = PBXProject;
			attributes = {
				LastSwiftUpdateCheck = 0940;
				LastUpgradeCheck = 0940;
				ORGANIZATIONNAME = apple;
				TargetAttributes = {
					28A4FCD2213BA81D009E979E = {
						CreatedOnToolsVersion = 9.4.1;
					};
					28A4FCE6213BA824009E979E = {
						CreatedOnToolsVersion = 9.4.1;
						TestTargetID = 28A4FCD2213BA81D009E979E;
					};
					28A4FCF1213BA824009E979E = {
						CreatedOnToolsVersion = 9.4.1;
						TestTargetID = 28A4FCD2213BA81D009E979E;
					};
				};
			};
			buildConfigurationList = 28A4FCCE213BA81D009E979E /* Build configuration list for PBXProject "MultiPart" */;
			compatibilityVersion = "Xcode 9.3";
			developmentRegion = en;
			hasScannedForEncodings = 0;
			knownRegions = (
				en,
				Base,
			);
			mainGroup = 28A4FCCA213BA81D009E979E;
			productRefGroup = 28A4FCD4213BA81D009E979E /* Products */;
			projectDirPath = "";
			projectRoot = "";
			targets = (
				28A4FCD2213BA81D009E979E /* MultiPart */,
				28A4FCE6213BA824009E979E /* MultiPartTests */,
				28A4FCF1213BA824009E979E /* MultiPartUITests */,
			);
		};
/* End PBXProject section */

/* Begin PBXResourcesBuildPhase section */
		28A4FCD1213BA81D009E979E /* Resources */ = {
			isa = PBXResourcesBuildPhase;
			buildActionMask = 2147483647;
			files = (
				28A4FCE1213BA824009E979E /* LaunchScreen.storyboard in Resources */,
				28A4FCDE213BA824009E979E /* Assets.xcassets in Resources */,
				28A4FCDC213BA81D009E979E /* Main.storyboard in Resources */,
			);
			runOnlyForDeploymentPostprocessing = 0;
		};
		28A4FCE5213BA824009E979E /* Resources */ = {
			isa = PBXResourcesBuildPhase;
			buildActionMask = 2147483647;
			files = (
			);
			runOnlyForDeploymentPostprocessing = 0;
		};
		28A4FCF0213BA824009E979E /* Resources */ = {
			isa = PBXResourcesBuildPhase;
			buildActionMask = 2147483647;
			files = (
			);
			runOnlyForDeploymentPostprocessing = 0;
		};
/* End PBXResourcesBuildPhase section */

/* Begin PBXSourcesBuildPhase section */
		28A4FCCF213BA81D009E979E /* Sources */ = {
			isa = PBXSourcesBuildPhase;
			buildActionMask = 2147483647;
			files = (
				28A4FCD9213BA81D009E979E /* ViewController.swift in Sources */,
				28A4FCD7213BA81D009E979E /* AppDelegate.swift in Sources */,
			);
			runOnlyForDeploymentPostprocessing = 0;
		};
		28A4FCE3213BA824009E979E /* Sources */ = {
			isa = PBXSourcesBuildPhase;
			buildActionMask = 2147483647;
			files = (
				28A4FCEC213BA824009E979E /* MultiPartTests.swift in Sources */,
			);
			runOnlyForDeploymentPostprocessing = 0;
		};
		28A4FCEE213BA824009E979E /* Sources */ = {
			isa = PBXSourcesBuildPhase;
			buildActionMask = 2147483647;
			files = (
				28A4FCF7213BA824009E979E /* MultiPartUITests.swift in Sources */,
			);
			runOnlyForDeploymentPostprocessing = 0;
		};
/* End PBXSourcesBuildPhase section */

/* Begin PBXTargetDependency section */
		28A4FCE9213BA824009E979E /* PBXTargetDependency */ = {
			isa = PBXTargetDependency;
			target = 28A4FCD2213BA81D009E979E /* MultiPart */;
			targetProxy = 28A4FCE8213BA824009E979E /* PBXContainerItemProxy */;
		};
		28A4FCF4213BA824009E979E /* PBXTargetDependency */ = {
			isa = PBXTargetDependency;
			target = 28A4FCD2213BA81D009E979E /* MultiPart */;
			targetProxy = 28A4FCF3213BA824009E979E /* PBXContainerItemProxy */;
		};
/* End PBXTargetDependency section */

/* Begin PBXVariantGroup section */
		28A4FCDA213BA81D009E979E /* Main.storyboard */ = {
			isa = PBXVariantGroup;
			children = (
				28A4FCDB213BA81D009E979E /* Base */,
			);
			name = Main.storyboard;
			sourceTree = "<group>";
		};
		28A4FCDF213BA824009E979E /* LaunchScreen.storyboard */ = {
			isa = PBXVariantGroup;
			children = (
				28A4FCE0213BA824009E979E /* Base */,
			);
			name = LaunchScreen.storyboard;
			sourceTree = "<group>";
		};
/* End PBXVariantGroup section */

/* Begin XCBuildConfiguration section */
		28A4FCF9213BA824009E979E /* Debug */ = {
			isa = XCBuildConfiguration;
			buildSettings = {
				ALWAYS_SEARCH_USER_PATHS = NO;
				CLANG_ANALYZER_NONNULL = YES;
				CLANG_ANALYZER_NUMBER_OBJECT_CONVERSION = YES_AGGRESSIVE;
				CLANG_CXX_LANGUAGE_STANDARD = "gnu++14";
				CLANG_CXX_LIBRARY = "libc++";
				CLANG_ENABLE_MODULES = YES;
				CLANG_ENABLE_OBJC_ARC = YES;
				CLANG_ENABLE_OBJC_WEAK = YES;
				CLANG_WARN_BLOCK_CAPTURE_AUTORELEASING = YES;
				CLANG_WARN_BOOL_CONVERSION = YES;
				CLANG_WARN_COMMA = YES;
				CLANG_WARN_CONSTANT_CONVERSION = YES;
				CLANG_WARN_DEPRECATED_OBJC_IMPLEMENTATIONS = YES;
				CLANG_WARN_DIRECT_OBJC_ISA_USAGE = YES_ERROR;
				CLANG_WARN_DOCUMENTATION_COMMENTS = YES;
				CLANG_WARN_EMPTY_BODY = YES;
				CLANG_WARN_ENUM_CONVERSION = YES;
				CLANG_WARN_INFINITE_RECURSION = YES;
				CLANG_WARN_INT_CONVERSION = YES;
				CLANG_WARN_NON_LITERAL_NULL_CONVERSION = YES;
				CLANG_WARN_OBJC_IMPLICIT_RETAIN_SELF = YES;
				CLANG_WARN_OBJC_LITERAL_CONVERSION = YES;
				CLANG_WARN_OBJC_ROOT_CLASS = YES_ERROR;
				CLANG_WARN_RANGE_LOOP_ANALYSIS = YES;
				CLANG_WARN_STRICT_PROTOTYPES = YES;
				CLANG_WARN_SUSPICIOUS_MOVE = YES;
				CLANG_WARN_UNGUARDED_AVAILABILITY = YES_AGGRESSIVE;
				CLANG_WARN_UNREACHABLE_CODE = YES;
				CLANG_WARN__DUPLICATE_METHOD_MATCH = YES;
				CODE_SIGN_IDENTITY = "iPhone Developer";
				COPY_PHASE_STRIP = NO;
				DEBUG_INFORMATION_FORMAT = dwarf;
				ENABLE_STRICT_OBJC_MSGSEND = YES;
				ENABLE_TESTABILITY = YES;
				GCC_C_LANGUAGE_STANDARD = gnu11;
				GCC_DYNAMIC_NO_PIC = NO;
				GCC_NO_COMMON_BLOCKS = YES;
				GCC_OPTIMIZATION_LEVEL = 0;
				GCC_PREPROCESSOR_DEFINITIONS = (
					"DEBUG=1",
					"$(inherited)",
				);
				GCC_WARN_64_TO_32_BIT_CONVERSION = YES;
				GCC_WARN_ABOUT_RETURN_TYPE = YES_ERROR;
				GCC_WARN_UNDECLARED_SELECTOR = YES;
				GCC_WARN_UNINITIALIZED_AUTOS = YES_AGGRESSIVE;
				GCC_WARN_UNUSED_FUNCTION = YES;
				GCC_WARN_UNUSED_VARIABLE = YES;
				IPHONEOS_DEPLOYMENT_TARGET = 11.4;
				MTL_ENABLE_DEBUG_INFO = YES;
				ONLY_ACTIVE_ARCH = YES;
				SDKROOT = iphoneos;
				SWIFT_ACTIVE_COMPILATION_CONDITIONS = DEBUG;
				SWIFT_OPTIMIZATION_LEVEL = "-Onone";
			};
			name = Debug;
		};
		28A4FCFA213BA824009E979E /* Release */ = {
			isa = XCBuildConfiguration;
			buildSettings = {
				ALWAYS_SEARCH_USER_PATHS = NO;
				CLANG_ANALYZER_NONNULL = YES;
				CLANG_ANALYZER_NUMBER_OBJECT_CONVERSION = YES_AGGRESSIVE;
				CLANG_CXX_LANGUAGE_STANDARD = "gnu++14";
				CLANG_CXX_LIBRARY = "libc++";
				CLANG_ENABLE_MODULES = YES;
				CLANG_ENABLE_OBJC_ARC = YES;
				CLANG_ENABLE_OBJC_WEAK = YES;
				CLANG_WARN_BLOCK_CAPTURE_AUTORELEASING = YES;
				CLANG_WARN_BOOL_CONVERSION = YES;
				CLANG_WARN_COMMA = YES;
				CLANG_WARN_CONSTANT_CONVERSION = YES;
				CLANG_WARN_DEPRECATED_OBJC_IMPLEMENTATIONS = YES;
				CLANG_WARN_DIRECT_OBJC_ISA_USAGE = YES_ERROR;
				CLANG_WARN_DOCUMENTATION_COMMENTS = YES;
				CLANG_WARN_EMPTY_BODY = YES;
				CLANG_WARN_ENUM_CONVERSION = YES;
				CLANG_WARN_INFINITE_RECURSION = YES;
				CLANG_WARN_INT_CONVERSION = YES;
				CLANG_WARN_NON_LITERAL_NULL_CONVERSION = YES;
				CLANG_WARN_OBJC_IMPLICIT_RETAIN_SELF = YES;
				CLANG_WARN_OBJC_LITERAL_CONVERSION = YES;
				CLANG_WARN_OBJC_ROOT_CLASS = YES_ERROR;
				CLANG_WARN_RANGE_LOOP_ANALYSIS = YES;
				CLANG_WARN_STRICT_PROTOTYPES = YES;
				CLANG_WARN_SUSPICIOUS_MOVE = YES;
				CLANG_WARN_UNGUARDED_AVAILABILITY = YES_AGGRESSIVE;
				CLANG_WARN_UNREACHABLE_CODE = YES;
				CLANG_WARN__DUPLICATE_METHOD_MATCH = YES;
				CODE_SIGN_IDENTITY = "iPhone Developer";
				COPY_PHASE_STRIP = NO;
				DEBUG_INFORMATION_FORMAT = "dwarf-with-dsym";
				ENABLE_NS_ASSERTIONS = NO;
				ENABLE_STRICT_OBJC_MSGSEND = YES;
				GCC_C_LANGUAGE_STANDARD = gnu11;
				GCC_NO_COMMON_BLOCKS = YES;
				GCC_WARN_64_TO_32_BIT_CONVERSION = YES;
				GCC_WARN_ABOUT_RETURN_TYPE = YES_ERROR;
				GCC_WARN_UNDECLARED_SELECTOR = YES;
				GCC_WARN_UNINITIALIZED_AUTOS = YES_AGGRESSIVE;
				GCC_WARN_UNUSED_FUNCTION = YES;
				GCC_WARN_UNUSED_VARIABLE = YES;
				IPHONEOS_DEPLOYMENT_TARGET = 11.4;
				MTL_ENABLE_DEBUG_INFO = NO;
				SDKROOT = iphoneos;
				SWIFT_COMPILATION_MODE = wholemodule;
				SWIFT_OPTIMIZATION_LEVEL = "-O";
				VALIDATE_PRODUCT = YES;
			};
			name = Release;
		};
		28A4FCFC213BA824009E979E /* Debug */ = {
			isa = XCBuildConfiguration;
			buildSettings = {
				ASSETCATALOG_COMPILER_APPICON_NAME = AppIcon;
				CODE_SIGN_STYLE = Automatic;
				DEVELOPMENT_TEAM = 4755664329;
				INFOPLIST_FILE = MultiPart/Info.plist;
				LD_RUNPATH_SEARCH_PATHS = (
					"$(inherited)",
					"@executable_path/Frameworks",
				);
				PRODUCT_BUNDLE_IDENTIFIER = exaact.MultiPart;
				PRODUCT_NAME = "$(TARGET_NAME)";
				SWIFT_VERSION = 4.0;
				TARGETED_DEVICE_FAMILY = "1,2";
			};
			name = Debug;
		};
		28A4FCFD213BA824009E979E /* Release */ = {
			isa = XCBuildConfiguration;
			buildSettings = {
				ASSETCATALOG_COMPILER_APPICON_NAME = AppIcon;
				CODE_SIGN_STYLE = Automatic;
				DEVELOPMENT_TEAM = 4755664329;
				INFOPLIST_FILE = MultiPart/Info.plist;
				LD_RUNPATH_SEARCH_PATHS = (
					"$(inherited)",
					"@executable_path/Frameworks",
				);
				PRODUCT_BUNDLE_IDENTIFIER = exaact.MultiPart;
				PRODUCT_NAME = "$(TARGET_NAME)";
				SWIFT_VERSION = 4.0;
				TARGETED_DEVICE_FAMILY = "1,2";
			};
			name = Release;
		};
		28A4FCFF213BA824009E979E /* Debug */ = {
			isa = XCBuildConfiguration;
			buildSettings = {
				ALWAYS_EMBED_SWIFT_STANDARD_LIBRARIES = YES;
				BUNDLE_LOADER = "$(TEST_HOST)";
				CODE_SIGN_STYLE = Automatic;
				DEVELOPMENT_TEAM = 4755664329;
				INFOPLIST_FILE = MultiPartTests/Info.plist;
				LD_RUNPATH_SEARCH_PATHS = (
					"$(inherited)",
					"@executable_path/Frameworks",
					"@loader_path/Frameworks",
				);
				PRODUCT_BUNDLE_IDENTIFIER = exaact.MultiPartTests;
				PRODUCT_NAME = "$(TARGET_NAME)";
				SWIFT_VERSION = 4.0;
				TARGETED_DEVICE_FAMILY = "1,2";
				TEST_HOST = "$(BUILT_PRODUCTS_DIR)/MultiPart.app/MultiPart";
			};
			name = Debug;
		};
		28A4FD00213BA824009E979E /* Release */ = {
			isa = XCBuildConfiguration;
			buildSettings = {
				ALWAYS_EMBED_SWIFT_STANDARD_LIBRARIES = YES;
				BUNDLE_LOADER = "$(TEST_HOST)";
				CODE_SIGN_STYLE = Automatic;
				DEVELOPMENT_TEAM = 4755664329;
				INFOPLIST_FILE = MultiPartTests/Info.plist;
				LD_RUNPATH_SEARCH_PATHS = (
					"$(inherited)",
					"@executable_path/Frameworks",
					"@loader_path/Frameworks",
				);
				PRODUCT_BUNDLE_IDENTIFIER = exaact.MultiPartTests;
				PRODUCT_NAME = "$(TARGET_NAME)";
				SWIFT_VERSION = 4.0;
				TARGETED_DEVICE_FAMILY = "1,2";
				TEST_HOST = "$(BUILT_PRODUCTS_DIR)/MultiPart.app/MultiPart";
			};
			name = Release;
		};
		28A4FD02213BA824009E979E /* Debug */ = {
			isa = XCBuildConfiguration;
			buildSettings = {
				ALWAYS_EMBED_SWIFT_STANDARD_LIBRARIES = YES;
				CODE_SIGN_STYLE = Automatic;
				DEVELOPMENT_TEAM = 4755664329;
				INFOPLIST_FILE = MultiPartUITests/Info.plist;
				LD_RUNPATH_SEARCH_PATHS = (
					"$(inherited)",
					"@executable_path/Frameworks",
					"@loader_path/Frameworks",
				);
				PRODUCT_BUNDLE_IDENTIFIER = exaact.MultiPartUITests;
				PRODUCT_NAME = "$(TARGET_NAME)";
				SWIFT_VERSION = 4.0;
				TARGETED_DEVICE_FAMILY = "1,2";
				TEST_TARGET_NAME = MultiPart;
			};
			name = Debug;
		};
		28A4FD03213BA824009E979E /* Release */ = {
			isa = XCBuildConfiguration;
			buildSettings = {
				ALWAYS_EMBED_SWIFT_STANDARD_LIBRARIES = YES;
				CODE_SIGN_STYLE = Automatic;
				DEVELOPMENT_TEAM = 4755664329;
				INFOPLIST_FILE = MultiPartUITests/Info.plist;
				LD_RUNPATH_SEARCH_PATHS = (
					"$(inherited)",
					"@executable_path/Frameworks",
					"@loader_path/Frameworks",
				);
				PRODUCT_BUNDLE_IDENTIFIER = exaact.MultiPartUITests;
				PRODUCT_NAME = "$(TARGET_NAME)";
				SWIFT_VERSION = 4.0;
				TARGETED_DEVICE_FAMILY = "1,2";
				TEST_TARGET_NAME = MultiPart;
			};
			name = Release;
		};
/* End XCBuildConfiguration section */

/* Begin XCConfigurationList section */
		28A4FCCE213BA81D009E979E /* Build configuration list for PBXProject "MultiPart" */ = {
			isa = XCConfigurationList;
			buildConfigurations = (
				28A4FCF9213BA824009E979E /* Debug */,
				28A4FCFA213BA824009E979E /* Release */,
			);
			defaultConfigurationIsVisible = 0;
			defaultConfigurationName = Release;
		};
		28A4FCFB213BA824009E979E /* Build configuration list for PBXNativeTarget "MultiPart" */ = {
			isa = XCConfigurationList;
			buildConfigurations = (
				28A4FCFC213BA824009E979E /* Debug */,
				28A4FCFD213BA824009E979E /* Release */,
			);
			defaultConfigurationIsVisible = 0;
			defaultConfigurationName = Release;
		};
		28A4FCFE213BA824009E979E /* Build configuration list for PBXNativeTarget "MultiPartTests" */ = {
			isa = XCConfigurationList;
			buildConfigurations = (
				28A4FCFF213BA824009E979E /* Debug */,
				28A4FD00213BA824009E979E /* Release */,
			);
			defaultConfigurationIsVisible = 0;
			defaultConfigurationName = Release;
		};
		28A4FD01213BA824009E979E /* Build configuration list for PBXNativeTarget "MultiPartUITests" */ = {
			isa = XCConfigurationList;
			buildConfigurations = (
				28A4FD02213BA824009E979E /* Debug */,
				28A4FD03213BA824009E979E /* Release */,
			);
			defaultConfigurationIsVisible = 0;
			defaultConfigurationName = Release;
		};
/* End XCConfigurationList section */
	};
	rootObject = 28A4FCCB213BA81D009E979E /* Project object */;
}
